Microsoft Visual Studio Solution File, Format Version 12.00
# Visual Studio 15
VisualStudioVersion = 15.0.28010.2019
MinimumVisualStudioVersion = 10.0.40219.1
Project("{FAE04EC0-301F-11D3-BF4B-00C04F79EFBC}") = "XamarinExplorer.Android", "XamarinExplorer.Android\XamarinExplorer.Android.csproj", "{B7FE892E-76CF-4BF4-AEC7-F8303D383AE5}"
EndProject
Project("{FAE04EC0-301F-11D3-BF4B-00C04F79EFBC}") = "XamarinExplorer.iOS", "XamarinExplorer.iOS\XamarinExplorer.iOS.csproj", "{27F60F3C-71BA-4772-BD27-41065B9149D4}"
EndProject
Project("{9A19103F-16F7-4668-BE54-9A1E7A4F7556}") = "XamarinExplorer", "XamarinExplorer\XamarinExplorer.csproj", "{85F009FA-03D5-417F-81DF-1843E71D1A43}"
EndProject
Global
	GlobalSection(SolutionConfigurationPlatforms) = preSolution
		Debug|Any CPU = Debug|Any CPU
		Debug|iPhone = Debug|iPhone
		Debug|iPhoneSimulator = Debug|iPhoneSimulator
		Release|Any CPU = Release|Any CPU
		Release|iPhone = Release|iPhone
		Release|iPhoneSimulator = Release|iPhoneSimulator
	EndGlobalSection
	GlobalSection(ProjectConfigurationPlatforms) = postSolution
		{B7FE892E-76CF-4BF4-AEC7-F8303D383AE5}.Debug|Any CPU.ActiveCfg = Debug|Any CPU
		{B7FE892E-76CF-4BF4-AEC7-F8303D383AE5}.Debug|Any CPU.Build.0 = Debug|Any CPU
		{B7FE892E-76CF-4BF4-AEC7-F8303D383AE5}.Debug|Any CPU.Deploy.0 = Debug|Any CPU
		{B7FE892E-76CF-4BF4-AEC7-F8303D383AE5}.Debug|iPhone.ActiveCfg = Debug|Any CPU
		{B7FE892E-76CF-4BF4-AEC7-F8303D383AE5}.Debug|iPhone.Build.0 = Debug|Any CPU
		{B7FE892E-76CF-4BF4-AEC7-F8303D383AE5}.Debug|iPhoneSimulator.ActiveCfg = Debug|Any CPU
		{B7FE892E-76CF-4BF4-AEC7-F8303D383AE5}.Debug|iPhoneSimulator.Build.0 = Debug|Any CPU
		{B7FE892E-76CF-4BF4-AEC7-F8303D383AE5}.Release|Any CPU.ActiveCfg = Release|Any CPU
		{B7FE892E-76CF-4BF4-AEC7-F8303D383AE5}.Release|Any CPU.Build.0 = Release|Any CPU
		{B7FE892E-76CF-4BF4-AEC7-F8303D383AE5}.Release|iPhone.ActiveCfg = Release|Any CPU
		{B7FE892E-76CF-4BF4-AEC7-F8303D383AE5}.Release|iPhone.Build.0 = Release|Any CPU
		{B7FE892E-76CF-4BF4-AEC7-F8303D383AE5}.Release|iPhoneSimulator.ActiveCfg = Release|Any CPU
		{B7FE892E-76CF-4BF4-AEC7-F8303D383AE5}.Release|iPhoneSimulator.Build.0 = Release|Any CPU
		{27F60F3C-71BA-4772-BD27-41065B9149D4}.Debug|Any CPU.ActiveCfg = Debug|iPhoneSimulator
		{27F60F3C-71BA-4772-BD27-41065B9149D4}.Debug|Any CPU.Build.0 = Debug|iPhoneSimulator
		{27F60F3C-71BA-4772-BD27-41065B9149D4}.Debug|iPhone.ActiveCfg = Debug|iPhone
		{27F60F3C-71BA-4772-BD27-41065B9149D4}.Debug|iPhone.Build.0 = Debug|iPhone
		{27F60F3C-71BA-4772-BD27-41065B9149D4}.Debug|iPhoneSimulator.ActiveCfg = Debug|iPhoneSimulator
		{27F60F3C-71BA-4772-BD27-41065B9149D4}.Debug|iPhoneSimulator.Build.0 = Debug|iPhoneSimulator
		{27F60F3C-71BA-4772-BD27-41065B9149D4}.Release|Any CPU.ActiveCfg = Release|iPhoneSimulator
		{27F60F3C-71BA-4772-BD27-41065B9149D4}.Release|Any CPU.Build.0 = Release|iPhoneSimulator
		{27F60F3C-71BA-4772-BD27-41065B9149D4}.Release|iPhone.ActiveCfg = Release|iPhone
		{27F60F3C-71BA-4772-BD27-41065B9149D4}.Release|iPhone.Build.0 = Release|iPhone
		{27F60F3C-71BA-4772-BD27-41065B9149D4}.Release|iPhoneSimulator.ActiveCfg = Release|iPhoneSimulator
		{27F60F3C-71BA-4772-BD27-41065B9149D4}.Release|iPhoneSimulator.Build.0 = Release|iPhoneSimulator
		{85F009FA-03D5-417F-81DF-1843E71D1A43}.Debug|Any CPU.ActiveCfg = Debug|Any CPU
		{85F009FA-03D5-417F-81DF-1843E71D1A43}.Debug|Any CPU.Build.0 = Debug|Any CPU
		{85F009FA-03D5-417F-81DF-1843E71D1A43}.Debug|iPhone.ActiveCfg = Debug|Any CPU
		{85F009FA-03D5-417F-81DF-1843E71D1A43}.Debug|iPhone.Build.0 = Debug|Any CPU
		{85F009FA-03D5-417F-81DF-1843E71D1A43}.Debug|iPhoneSimulator.ActiveCfg = Debug|Any CPU
		{85F009FA-03D5-417F-81DF-1843E71D1A43}.Debug|iPhoneSimulator.Build.0 = Debug|Any CPU
		{85F009FA-03D5-417F-81DF-1843E71D1A43}.Release|Any CPU.ActiveCfg = Release|Any CPU
		{85F009FA-03D5-417F-81DF-1843E71D1A43}.Release|Any CPU.Build.0 = Release|Any CPU
		{85F009FA-03D5-417F-81DF-1843E71D1A43}.Release|iPhone.ActiveCfg = Release|Any CPU
		{85F009FA-03D5-417F-81DF-1843E71D1A43}.Release|iPhone.Build.0 = Release|Any CPU
		{85F009FA-03D5-417F-81DF-1843E71D1A43}.Release|iPhoneSimulator.ActiveCfg = Release|Any CPU
		{85F009FA-03D5-417F-81DF-1843E71D1A43}.Release|iPhoneSimulator.Build.0 = Release|Any CPU
	EndGlobalSection
	GlobalSection(SolutionProperties) = preSolution
		HideSolutionNode = FALSE
	EndGlobalSection
	GlobalSection(ExtensibilityGlobals) = postSolution
		SolutionGuid = {45DD2AA3-3DBF-459B-B851-8B9A008EE006}
	EndGlobalSection
EndGlobal
