
Microsoft Visual Studio Solution File, Format Version 12.00
# Visual Studio Version 16
VisualStudioVersion = 16.0.28922.388
MinimumVisualStudioVersion = 10.0.40219.1
Project("{9A19103F-16F7-4668-BE54-9A1E7A4F7556}") = "XamarinExplorer", "XamarinExplorer\XamarinExplorer.csproj", "{5DA86916-4D69-490F-AB4F-04398699475B}"
EndProject
Project("{FAE04EC0-301F-11D3-BF4B-00C04F79EFBC}") = "XamarinExplorer.Android", "XamarinExplorer.Android\XamarinExplorer.Android.csproj", "{93E496B9-DFCE-4760-9C9F-7AC2167960C1}"
EndProject
Project("{2150E333-8FDC-42A3-9474-1A3956D46DE8}") = "Server", "Server", "{8E6651A6-D549-4A3C-835B-998C5900FDDE}"
EndProject
Project("{9A19103F-16F7-4668-BE54-9A1E7A4F7556}") = "Shared", "Shared\Shared.csproj", "{C9812D1C-4788-4A8C-B49F-E7FE86271E9C}"
EndProject
Project("{9A19103F-16F7-4668-BE54-9A1E7A4F7556}") = "MyWebAPI", "Server\MyWebAPI\MyWebAPI.csproj", "{90DFF8AF-528C-4882-9980-83BC3EE91C43}"
EndProject
Project("{FAE04EC0-301F-11D3-BF4B-00C04F79EFBC}") = "XamarinExplorer.iOS", "XamarinExplorer.iOS\XamarinExplorer.iOS.csproj", "{27F60F3C-71BA-4772-BD27-41065B9149D4}"
EndProject
Project("{FAE04EC0-301F-11D3-BF4B-00C04F79EFBC}") = "AdventureWorks.SqlServer", "Server\AdventureWorks.SqlServer\AdventureWorks.SqlServer.csproj", "{9D98D6EF-1FB7-4973-93DB-E5195963F6AE}"
EndProject
Global
	GlobalSection(SolutionConfigurationPlatforms) = preSolution
		Debug|Any CPU = Debug|Any CPU
		Debug|iPhone = Debug|iPhone
		Debug|iPhoneSimulator = Debug|iPhoneSimulator
		Release|Any CPU = Release|Any CPU
		Release|iPhone = Release|iPhone
		Release|iPhoneSimulator = Release|iPhoneSimulator
	EndGlobalSection
	GlobalSection(ProjectConfigurationPlatforms) = postSolution
		{5DA86916-4D69-490F-AB4F-04398699475B}.Debug|Any CPU.ActiveCfg = Debug|Any CPU
		{5DA86916-4D69-490F-AB4F-04398699475B}.Debug|Any CPU.Build.0 = Debug|Any CPU
		{5DA86916-4D69-490F-AB4F-04398699475B}.Debug|iPhone.ActiveCfg = Debug|Any CPU
		{5DA86916-4D69-490F-AB4F-04398699475B}.Debug|iPhone.Build.0 = Debug|Any CPU
		{5DA86916-4D69-490F-AB4F-04398699475B}.Debug|iPhoneSimulator.ActiveCfg = Debug|Any CPU
		{5DA86916-4D69-490F-AB4F-04398699475B}.Debug|iPhoneSimulator.Build.0 = Debug|Any CPU
		{5DA86916-4D69-490F-AB4F-04398699475B}.Release|Any CPU.ActiveCfg = Release|Any CPU
		{5DA86916-4D69-490F-AB4F-04398699475B}.Release|Any CPU.Build.0 = Release|Any CPU
		{5DA86916-4D69-490F-AB4F-04398699475B}.Release|iPhone.ActiveCfg = Release|Any CPU
		{5DA86916-4D69-490F-AB4F-04398699475B}.Release|iPhone.Build.0 = Release|Any CPU
		{5DA86916-4D69-490F-AB4F-04398699475B}.Release|iPhoneSimulator.ActiveCfg = Release|Any CPU
		{5DA86916-4D69-490F-AB4F-04398699475B}.Release|iPhoneSimulator.Build.0 = Release|Any CPU
		{93E496B9-DFCE-4760-9C9F-7AC2167960C1}.Debug|Any CPU.ActiveCfg = Debug|Any CPU
		{93E496B9-DFCE-4760-9C9F-7AC2167960C1}.Debug|Any CPU.Build.0 = Debug|Any CPU
		{93E496B9-DFCE-4760-9C9F-7AC2167960C1}.Debug|Any CPU.Deploy.0 = Debug|Any CPU
		{93E496B9-DFCE-4760-9C9F-7AC2167960C1}.Debug|iPhone.ActiveCfg = Debug|Any CPU
		{93E496B9-DFCE-4760-9C9F-7AC2167960C1}.Debug|iPhone.Build.0 = Debug|Any CPU
		{93E496B9-DFCE-4760-9C9F-7AC2167960C1}.Debug|iPhone.Deploy.0 = Debug|Any CPU
		{93E496B9-DFCE-4760-9C9F-7AC2167960C1}.Debug|iPhoneSimulator.ActiveCfg = Debug|Any CPU
		{93E496B9-DFCE-4760-9C9F-7AC2167960C1}.Debug|iPhoneSimulator.Build.0 = Debug|Any CPU
		{93E496B9-DFCE-4760-9C9F-7AC2167960C1}.Debug|iPhoneSimulator.Deploy.0 = Debug|Any CPU
		{93E496B9-DFCE-4760-9C9F-7AC2167960C1}.Release|Any CPU.ActiveCfg = Release|Any CPU
		{93E496B9-DFCE-4760-9C9F-7AC2167960C1}.Release|Any CPU.Build.0 = Release|Any CPU
		{93E496B9-DFCE-4760-9C9F-7AC2167960C1}.Release|Any CPU.Deploy.0 = Release|Any CPU
		{93E496B9-DFCE-4760-9C9F-7AC2167960C1}.Release|iPhone.ActiveCfg = Release|Any CPU
		{93E496B9-DFCE-4760-9C9F-7AC2167960C1}.Release|iPhone.Build.0 = Release|Any CPU
		{93E496B9-DFCE-4760-9C9F-7AC2167960C1}.Release|iPhone.Deploy.0 = Release|Any CPU
		{93E496B9-DFCE-4760-9C9F-7AC2167960C1}.Release|iPhoneSimulator.ActiveCfg = Release|Any CPU
		{93E496B9-DFCE-4760-9C9F-7AC2167960C1}.Release|iPhoneSimulator.Build.0 = Release|Any CPU
		{93E496B9-DFCE-4760-9C9F-7AC2167960C1}.Release|iPhoneSimulator.Deploy.0 = Release|Any CPU
		{C9812D1C-4788-4A8C-B49F-E7FE86271E9C}.Debug|Any CPU.ActiveCfg = Debug|Any CPU
		{C9812D1C-4788-4A8C-B49F-E7FE86271E9C}.Debug|Any CPU.Build.0 = Debug|Any CPU
		{C9812D1C-4788-4A8C-B49F-E7FE86271E9C}.Debug|iPhone.ActiveCfg = Debug|Any CPU
		{C9812D1C-4788-4A8C-B49F-E7FE86271E9C}.Debug|iPhone.Build.0 = Debug|Any CPU
		{C9812D1C-4788-4A8C-B49F-E7FE86271E9C}.Debug|iPhoneSimulator.ActiveCfg = Debug|Any CPU
		{C9812D1C-4788-4A8C-B49F-E7FE86271E9C}.Debug|iPhoneSimulator.Build.0 = Debug|Any CPU
		{C9812D1C-4788-4A8C-B49F-E7FE86271E9C}.Release|Any CPU.ActiveCfg = Release|Any CPU
		{C9812D1C-4788-4A8C-B49F-E7FE86271E9C}.Release|Any CPU.Build.0 = Release|Any CPU
		{C9812D1C-4788-4A8C-B49F-E7FE86271E9C}.Release|iPhone.ActiveCfg = Release|Any CPU
		{C9812D1C-4788-4A8C-B49F-E7FE86271E9C}.Release|iPhone.Build.0 = Release|Any CPU
		{C9812D1C-4788-4A8C-B49F-E7FE86271E9C}.Release|iPhoneSimulator.ActiveCfg = Release|Any CPU
		{C9812D1C-4788-4A8C-B49F-E7FE86271E9C}.Release|iPhoneSimulator.Build.0 = Release|Any CPU
		{90DFF8AF-528C-4882-9980-83BC3EE91C43}.Debug|Any CPU.ActiveCfg = Debug|Any CPU
		{90DFF8AF-528C-4882-9980-83BC3EE91C43}.Debug|Any CPU.Build.0 = Debug|Any CPU
		{90DFF8AF-528C-4882-9980-83BC3EE91C43}.Debug|iPhone.ActiveCfg = Debug|Any CPU
		{90DFF8AF-528C-4882-9980-83BC3EE91C43}.Debug|iPhone.Build.0 = Debug|Any CPU
		{90DFF8AF-528C-4882-9980-83BC3EE91C43}.Debug|iPhoneSimulator.ActiveCfg = Debug|Any CPU
		{90DFF8AF-528C-4882-9980-83BC3EE91C43}.Debug|iPhoneSimulator.Build.0 = Debug|Any CPU
		{90DFF8AF-528C-4882-9980-83BC3EE91C43}.Release|Any CPU.ActiveCfg = Release|Any CPU
		{90DFF8AF-528C-4882-9980-83BC3EE91C43}.Release|Any CPU.Build.0 = Release|Any CPU
		{90DFF8AF-528C-4882-9980-83BC3EE91C43}.Release|iPhone.ActiveCfg = Release|Any CPU
		{90DFF8AF-528C-4882-9980-83BC3EE91C43}.Release|iPhone.Build.0 = Release|Any CPU
		{90DFF8AF-528C-4882-9980-83BC3EE91C43}.Release|iPhoneSimulator.ActiveCfg = Release|Any CPU
		{90DFF8AF-528C-4882-9980-83BC3EE91C43}.Release|iPhoneSimulator.Build.0 = Release|Any CPU
		{27F60F3C-71BA-4772-BD27-41065B9149D4}.Debug|Any CPU.ActiveCfg = Debug|iPhone
		{27F60F3C-71BA-4772-BD27-41065B9149D4}.Debug|iPhone.ActiveCfg = Debug|iPhone
		{27F60F3C-71BA-4772-BD27-41065B9149D4}.Debug|iPhone.Build.0 = Debug|iPhone
		{27F60F3C-71BA-4772-BD27-41065B9149D4}.Debug|iPhoneSimulator.ActiveCfg = Debug|iPhoneSimulator
		{27F60F3C-71BA-4772-BD27-41065B9149D4}.Debug|iPhoneSimulator.Build.0 = Debug|iPhoneSimulator
		{27F60F3C-71BA-4772-BD27-41065B9149D4}.Release|Any CPU.ActiveCfg = Release|iPhone
		{27F60F3C-71BA-4772-BD27-41065B9149D4}.Release|iPhone.ActiveCfg = Release|iPhone
		{27F60F3C-71BA-4772-BD27-41065B9149D4}.Release|iPhone.Build.0 = Release|iPhone
		{27F60F3C-71BA-4772-BD27-41065B9149D4}.Release|iPhoneSimulator.ActiveCfg = Release|iPhoneSimulator
		{27F60F3C-71BA-4772-BD27-41065B9149D4}.Release|iPhoneSimulator.Build.0 = Release|iPhoneSimulator
		{9D98D6EF-1FB7-4973-93DB-E5195963F6AE}.Debug|Any CPU.ActiveCfg = Debug|Any CPU
		{9D98D6EF-1FB7-4973-93DB-E5195963F6AE}.Debug|Any CPU.Build.0 = Debug|Any CPU
		{9D98D6EF-1FB7-4973-93DB-E5195963F6AE}.Debug|iPhone.ActiveCfg = Debug|Any CPU
		{9D98D6EF-1FB7-4973-93DB-E5195963F6AE}.Debug|iPhone.Build.0 = Debug|Any CPU
		{9D98D6EF-1FB7-4973-93DB-E5195963F6AE}.Debug|iPhoneSimulator.ActiveCfg = Debug|Any CPU
		{9D98D6EF-1FB7-4973-93DB-E5195963F6AE}.Debug|iPhoneSimulator.Build.0 = Debug|Any CPU
		{9D98D6EF-1FB7-4973-93DB-E5195963F6AE}.Release|Any CPU.ActiveCfg = Release|Any CPU
		{9D98D6EF-1FB7-4973-93DB-E5195963F6AE}.Release|Any CPU.Build.0 = Release|Any CPU
		{9D98D6EF-1FB7-4973-93DB-E5195963F6AE}.Release|iPhone.ActiveCfg = Release|Any CPU
		{9D98D6EF-1FB7-4973-93DB-E5195963F6AE}.Release|iPhone.Build.0 = Release|Any CPU
		{9D98D6EF-1FB7-4973-93DB-E5195963F6AE}.Release|iPhoneSimulator.ActiveCfg = Release|Any CPU
		{9D98D6EF-1FB7-4973-93DB-E5195963F6AE}.Release|iPhoneSimulator.Build.0 = Release|Any CPU
	EndGlobalSection
	GlobalSection(SolutionProperties) = preSolution
		HideSolutionNode = FALSE
	EndGlobalSection
	GlobalSection(NestedProjects) = preSolution
		{90DFF8AF-528C-4882-9980-83BC3EE91C43} = {8E6651A6-D549-4A3C-835B-998C5900FDDE}
		{9D98D6EF-1FB7-4973-93DB-E5195963F6AE} = {8E6651A6-D549-4A3C-835B-998C5900FDDE}
	EndGlobalSection
	GlobalSection(ExtensibilityGlobals) = postSolution
		SolutionGuid = {3BFF53C5-37FA-4BF5-A945-0C69FF33DE55}
	EndGlobalSection
EndGlobal
